
Microsoft Visual Studio Solution File, Format Version 12.00
# Visual Studio Version 16
VisualStudioVersion = 16.0.29409.12
MinimumVisualStudioVersion = 10.0.40219.1
Project("{FAE04EC0-301F-11D3-BF4B-00C04F79EFBC}") = "SerilogTeamsSample", "SerilogTeamsSample\SerilogTeamsSample.csproj", "{52C81FA0-DE0B-40CF-B051-B2C7F350DB0F}"
EndProject
Global
	GlobalSection(SolutionConfigurationPlatforms) = preSolution
		Debug|Any CPU = Debug|Any CPU
		Release|Any CPU = Release|Any CPU
	EndGlobalSection
	GlobalSection(ProjectConfigurationPlatforms) = postSolution
		{52C81FA0-DE0B-40CF-B051-B2C7F350DB0F}.Debug|Any CPU.ActiveCfg = Debug|Any CPU
		{52C81FA0-DE0B-40CF-B051-B2C7F350DB0F}.Debug|Any CPU.Build.0 = Debug|Any CPU
		{52C81FA0-DE0B-40CF-B051-B2C7F350DB0F}.Release|Any CPU.ActiveCfg = Release|Any CPU
		{52C81FA0-DE0B-40CF-B051-B2C7F350DB0F}.Release|Any CPU.Build.0 = Release|Any CPU
	EndGlobalSection
	GlobalSection(SolutionProperties) = preSolution
		HideSolutionNode = FALSE
	EndGlobalSection
	GlobalSection(ExtensibilityGlobals) = postSolution
		SolutionGuid = {7577A261-89F8-4D43-BA62-E768D73ED1EF}
	EndGlobalSection
EndGlobal
